// !$*UTF8*$!
{
	archiveVersion = 1;
	classes = {
	};
	objectVersion = 46;
	objects = {

/* Begin PBXBuildFile section */
		B5E4946B1992043D00485FA3 /* Foundation.framework in Frameworks */ = {isa = PBXBuildFile; fileRef = B5E4946A1992043D00485FA3 /* Foundation.framework */; };
		B5E4946D1992043D00485FA3 /* CoreGraphics.framework in Frameworks */ = {isa = PBXBuildFile; fileRef = B5E4946C1992043D00485FA3 /* CoreGraphics.framework */; };
		B5E4946F1992043D00485FA3 /* UIKit.framework in Frameworks */ = {isa = PBXBuildFile; fileRef = B5E4946E1992043D00485FA3 /* UIKit.framework */; };
		B5E494751992043D00485FA3 /* InfoPlist.strings in Resources */ = {isa = PBXBuildFile; fileRef = B5E494731992043D00485FA3 /* InfoPlist.strings */; };
		B5E494771992043D00485FA3 /* main.m in Sources */ = {isa = PBXBuildFile; fileRef = B5E494761992043D00485FA3 /* main.m */; };
		B5E4947B1992043D00485FA3 /* LSAppDelegate.m in Sources */ = {isa = PBXBuildFile; fileRef = B5E4947A1992043D00485FA3 /* LSAppDelegate.m */; };
		B5E4947E1992043D00485FA3 /* Main.storyboard in Resources */ = {isa = PBXBuildFile; fileRef = B5E4947C1992043D00485FA3 /* Main.storyboard */; };
		B5E494811992043D00485FA3 /* LSViewController.m in Sources */ = {isa = PBXBuildFile; fileRef = B5E494801992043D00485FA3 /* LSViewController.m */; };
		B5E494831992043D00485FA3 /* Images.xcassets in Resources */ = {isa = PBXBuildFile; fileRef = B5E494821992043D00485FA3 /* Images.xcassets */; };
		B5E4948A1992043D00485FA3 /* XCTest.framework in Frameworks */ = {isa = PBXBuildFile; fileRef = B5E494891992043D00485FA3 /* XCTest.framework */; };
		B5E4948B1992043D00485FA3 /* Foundation.framework in Frameworks */ = {isa = PBXBuildFile; fileRef = B5E4946A1992043D00485FA3 /* Foundation.framework */; };
		B5E4948C1992043D00485FA3 /* UIKit.framework in Frameworks */ = {isa = PBXBuildFile; fileRef = B5E4946E1992043D00485FA3 /* UIKit.framework */; };
		B5E494941992043D00485FA3 /* InfoPlist.strings in Resources */ = {isa = PBXBuildFile; fileRef = B5E494921992043D00485FA3 /* InfoPlist.strings */; };
		B5E494961992043D00485FA3 /* CustomCollectionViewLayoutTests.m in Sources */ = {isa = PBXBuildFile; fileRef = B5E494951992043D00485FA3 /* CustomCollectionViewLayoutTests.m */; };
/* End PBXBuildFile section */

/* Begin PBXContainerItemProxy section */
		B5E4948D1992043D00485FA3 /* PBXContainerItemProxy */ = {
			isa = PBXContainerItemProxy;
			containerPortal = B5E4945F1992043D00485FA3 /* Project object */;
			proxyType = 1;
			remoteGlobalIDString = B5E494661992043D00485FA3;
			remoteInfo = CustomCollectionViewLayout;
		};
/* End PBXContainerItemProxy section */

/* Begin PBXFileReference section */
		B5E494671992043D00485FA3 /* CustomCollectionViewLayout.app */ = {isa = PBXFileReference; explicitFileType = wrapper.application; includeInIndex = 0; path = CustomCollectionViewLayout.app; sourceTree = BUILT_PRODUCTS_DIR; };
		B5E4946A1992043D00485FA3 /* Foundation.framework */ = {isa = PBXFileReference; lastKnownFileType = wrapper.framework; name = Foundation.framework; path = System/Library/Frameworks/Foundation.framework; sourceTree = SDKROOT; };
		B5E4946C1992043D00485FA3 /* CoreGraphics.framework */ = {isa = PBXFileReference; lastKnownFileType = wrapper.framework; name = CoreGraphics.framework; path = System/Library/Frameworks/CoreGraphics.framework; sourceTree = SDKROOT; };
		B5E4946E1992043D00485FA3 /* UIKit.framework */ = {isa = PBXFileReference; lastKnownFileType = wrapper.framework; name = UIKit.framework; path = System/Library/Frameworks/UIKit.framework; sourceTree = SDKROOT; };
		B5E494721992043D00485FA3 /* CustomCollectionViewLayout-Info.plist */ = {isa = PBXFileReference; lastKnownFileType = text.plist.xml; path = "CustomCollectionViewLayout-Info.plist"; sourceTree = "<group>"; };
		B5E494741992043D00485FA3 /* en */ = {isa = PBXFileReference; lastKnownFileType = text.plist.strings; name = en; path = en.lproj/InfoPlist.strings; sourceTree = "<group>"; };
		B5E494761992043D00485FA3 /* main.m */ = {isa = PBXFileReference; lastKnownFileType = sourcecode.c.objc; path = main.m; sourceTree = "<group>"; };
		B5E494781992043D00485FA3 /* CustomCollectionViewLayout-Prefix.pch */ = {isa = PBXFileReference; lastKnownFileType = sourcecode.c.h; path = "CustomCollectionViewLayout-Prefix.pch"; sourceTree = "<group>"; };
		B5E494791992043D00485FA3 /* LSAppDelegate.h */ = {isa = PBXFileReference; lastKnownFileType = sourcecode.c.h; path = LSAppDelegate.h; sourceTree = "<group>"; };
		B5E4947A1992043D00485FA3 /* LSAppDelegate.m */ = {isa = PBXFileReference; lastKnownFileType = sourcecode.c.objc; path = LSAppDelegate.m; sourceTree = "<group>"; };
		B5E4947D1992043D00485FA3 /* Base */ = {isa = PBXFileReference; lastKnownFileType = file.storyboard; name = Base; path = Base.lproj/Main.storyboard; sourceTree = "<group>"; };
		B5E4947F1992043D00485FA3 /* LSViewController.h */ = {isa = PBXFileReference; lastKnownFileType = sourcecode.c.h; path = LSViewController.h; sourceTree = "<group>"; };
		B5E494801992043D00485FA3 /* LSViewController.m */ = {isa = PBXFileReference; lastKnownFileType = sourcecode.c.objc; path = LSViewController.m; sourceTree = "<group>"; };
		B5E494821992043D00485FA3 /* Images.xcassets */ = {isa = PBXFileReference; lastKnownFileType = folder.assetcatalog; path = Images.xcassets; sourceTree = "<group>"; };
		B5E494881992043D00485FA3 /* CustomCollectionViewLayoutTests.xctest */ = {isa = PBXFileReference; explicitFileType = wrapper.cfbundle; includeInIndex = 0; path = CustomCollectionViewLayoutTests.xctest; sourceTree = BUILT_PRODUCTS_DIR; };
		B5E494891992043D00485FA3 /* XCTest.framework */ = {isa = PBXFileReference; lastKnownFileType = wrapper.framework; name = XCTest.framework; path = Library/Frameworks/XCTest.framework; sourceTree = DEVELOPER_DIR; };
		B5E494911992043D00485FA3 /* CustomCollectionViewLayoutTests-Info.plist */ = {isa = PBXFileReference; lastKnownFileType = text.plist.xml; path = "CustomCollectionViewLayoutTests-Info.plist"; sourceTree = "<group>"; };
		B5E494931992043D00485FA3 /* en */ = {isa = PBXFileReference; lastKnownFileType = text.plist.strings; name = en; path = en.lproj/InfoPlist.strings; sourceTree = "<group>"; };
		B5E494951992043D00485FA3 /* CustomCollectionViewLayoutTests.m */ = {isa = PBXFileReference; lastKnownFileType = sourcecode.c.objc; path = CustomCollectionViewLayoutTests.m; sourceTree = "<group>"; };
/* End PBXFileReference section */

/* Begin PBXFrameworksBuildPhase section */
		B5E494641992043D00485FA3 /* Frameworks */ = {
			isa = PBXFrameworksBuildPhase;
			buildActionMask = 2147483647;
			files = (
				B5E4946D1992043D00485FA3 /* CoreGraphics.framework in Frameworks */,
				B5E4946F1992043D00485FA3 /* UIKit.framework in Frameworks */,
				B5E4946B1992043D00485FA3 /* Foundation.framework in Frameworks */,
			);
			runOnlyForDeploymentPostprocessing = 0;
		};
		B5E494851992043D00485FA3 /* Frameworks */ = {
			isa = PBXFrameworksBuildPhase;
			buildActionMask = 2147483647;
			files = (
				B5E4948A1992043D00485FA3 /* XCTest.framework in Frameworks */,
				B5E4948C1992043D00485FA3 /* UIKit.framework in Frameworks */,
				B5E4948B1992043D00485FA3 /* Foundation.framework in Frameworks */,
			);
			runOnlyForDeploymentPostprocessing = 0;
		};
/* End PBXFrameworksBuildPhase section */

/* Begin PBXGroup section */
		B5E4945E1992043D00485FA3 = {
			isa = PBXGroup;
			children = (
				B5E494701992043D00485FA3 /* CustomCollectionViewLayout */,
				B5E4948F1992043D00485FA3 /* CustomCollectionViewLayoutTests */,
				B5E494691992043D00485FA3 /* Frameworks */,
				B5E494681992043D00485FA3 /* Products */,
			);
			sourceTree = "<group>";
		};
		B5E494681992043D00485FA3 /* Products */ = {
			isa = PBXGroup;
			children = (
				B5E494671992043D00485FA3 /* CustomCollectionViewLayout.app */,
				B5E494881992043D00485FA3 /* CustomCollectionViewLayoutTests.xctest */,
			);
			name = Products;
			sourceTree = "<group>";
		};
		B5E494691992043D00485FA3 /* Frameworks */ = {
			isa = PBXGroup;
			children = (
				B5E4946A1992043D00485FA3 /* Foundation.framework */,
				B5E4946C1992043D00485FA3 /* CoreGraphics.framework */,
				B5E4946E1992043D00485FA3 /* UIKit.framework */,
				B5E494891992043D00485FA3 /* XCTest.framework */,
			);
			name = Frameworks;
			sourceTree = "<group>";
		};
		B5E494701992043D00485FA3 /* CustomCollectionViewLayout */ = {
			isa = PBXGroup;
			children = (
				B5E494791992043D00485FA3 /* LSAppDelegate.h */,
				B5E4947A1992043D00485FA3 /* LSAppDelegate.m */,
				B5E4947C1992043D00485FA3 /* Main.storyboard */,
				B5E4947F1992043D00485FA3 /* LSViewController.h */,
				B5E494801992043D00485FA3 /* LSViewController.m */,
				B5E494821992043D00485FA3 /* Images.xcassets */,
				B5E494711992043D00485FA3 /* Supporting Files */,
			);
			path = CustomCollectionViewLayout;
			sourceTree = "<group>";
		};
		B5E494711992043D00485FA3 /* Supporting Files */ = {
			isa = PBXGroup;
			children = (
				B5E494721992043D00485FA3 /* CustomCollectionViewLayout-Info.plist */,
				B5E494731992043D00485FA3 /* InfoPlist.strings */,
				B5E494761992043D00485FA3 /* main.m */,
				B5E494781992043D00485FA3 /* CustomCollectionViewLayout-Prefix.pch */,
			);
			name = "Supporting Files";
			sourceTree = "<group>";
		};
		B5E4948F1992043D00485FA3 /* CustomCollectionViewLayoutTests */ = {
			isa = PBXGroup;
			children = (
				B5E494951992043D00485FA3 /* CustomCollectionViewLayoutTests.m */,
				B5E494901992043D00485FA3 /* Supporting Files */,
			);
			path = CustomCollectionViewLayoutTests;
			sourceTree = "<group>";
		};
		B5E494901992043D00485FA3 /* Supporting Files */ = {
			isa = PBXGroup;
			children = (
				B5E494911992043D00485FA3 /* CustomCollectionViewLayoutTests-Info.plist */,
				B5E494921992043D00485FA3 /* InfoPlist.strings */,
			);
			name = "Supporting Files";
			sourceTree = "<group>";
		};
/* End PBXGroup section */

/* Begin PBXNativeTarget section */
		B5E494661992043D00485FA3 /* CustomCollectionViewLayout */ = {
			isa = PBXNativeTarget;
			buildConfigurationList = B5E494991992043D00485FA3 /* Build configuration list for PBXNativeTarget "CustomCollectionViewLayout" */;
			buildPhases = (
				B5E494631992043D00485FA3 /* Sources */,
				B5E494641992043D00485FA3 /* Frameworks */,
				B5E494651992043D00485FA3 /* Resources */,
			);
			buildRules = (
			);
			dependencies = (
			);
			name = CustomCollectionViewLayout;
			productName = CustomCollectionViewLayout;
			productReference = B5E494671992043D00485FA3 /* CustomCollectionViewLayout.app */;
			productType = "com.apple.product-type.application";
		};
		B5E494871992043D00485FA3 /* CustomCollectionViewLayoutTests */ = {
			isa = PBXNativeTarget;
			buildConfigurationList = B5E4949C1992043D00485FA3 /* Build configuration list for PBXNativeTarget "CustomCollectionViewLayoutTests" */;
			buildPhases = (
				B5E494841992043D00485FA3 /* Sources */,
				B5E494851992043D00485FA3 /* Frameworks */,
				B5E494861992043D00485FA3 /* Resources */,
			);
			buildRules = (
			);
			dependencies = (
				B5E4948E1992043D00485FA3 /* PBXTargetDependency */,
			);
			name = CustomCollectionViewLayoutTests;
			productName = CustomCollectionViewLayoutTests;
			productReference = B5E494881992043D00485FA3 /* CustomCollectionViewLayoutTests.xctest */;
			productType = "com.apple.product-type.bundle.unit-test";
		};
/* End PBXNativeTarget section */

/* Begin PBXProject section */
		B5E4945F1992043D00485FA3 /* Project object */ = {
			isa = PBXProject;
			attributes = {
				CLASSPREFIX = LS;
				LastUpgradeCheck = 0510;
				ORGANIZATIONNAME = LeftShift;
				TargetAttributes = {
					B5E494871992043D00485FA3 = {
						TestTargetID = B5E494661992043D00485FA3;
					};
				};
			};
			buildConfigurationList = B5E494621992043D00485FA3 /* Build configuration list for PBXProject "CustomCollectionViewLayout" */;
			compatibilityVersion = "Xcode 3.2";
			developmentRegion = English;
			hasScannedForEncodings = 0;
			knownRegions = (
				en,
				Base,
			);
			mainGroup = B5E4945E1992043D00485FA3;
			productRefGroup = B5E494681992043D00485FA3 /* Products */;
			projectDirPath = "";
			projectRoot = "";
			targets = (
				B5E494661992043D00485FA3 /* CustomCollectionViewLayout */,
				B5E494871992043D00485FA3 /* CustomCollectionViewLayoutTests */,
			);
		};
/* End PBXProject section */

/* Begin PBXResourcesBuildPhase section */
		B5E494651992043D00485FA3 /* Resources */ = {
			isa = PBXResourcesBuildPhase;
			buildActionMask = 2147483647;
			files = (
				B5E494831992043D00485FA3 /* Images.xcassets in Resources */,
				B5E494751992043D00485FA3 /* InfoPlist.strings in Resources */,
				B5E4947E1992043D00485FA3 /* Main.storyboard in Resources */,
			);
			runOnlyForDeploymentPostprocessing = 0;
		};
		B5E494861992043D00485FA3 /* Resources */ = {
			isa = PBXResourcesBuildPhase;
			buildActionMask = 2147483647;
			files = (
				B5E494941992043D00485FA3 /* InfoPlist.strings in Resources */,
			);
			runOnlyForDeploymentPostprocessing = 0;
		};
/* End PBXResourcesBuildPhase section */

/* Begin PBXSourcesBuildPhase section */
		B5E494631992043D00485FA3 /* Sources */ = {
			isa = PBXSourcesBuildPhase;
			buildActionMask = 2147483647;
			files = (
				B5E494771992043D00485FA3 /* main.m in Sources */,
				B5E4947B1992043D00485FA3 /* LSAppDelegate.m in Sources */,
				B5E494811992043D00485FA3 /* LSViewController.m in Sources */,
			);
			runOnlyForDeploymentPostprocessing = 0;
		};
		B5E494841992043D00485FA3 /* Sources */ = {
			isa = PBXSourcesBuildPhase;
			buildActionMask = 2147483647;
			files = (
				B5E494961992043D00485FA3 /* CustomCollectionViewLayoutTests.m in Sources */,
			);
			runOnlyForDeploymentPostprocessing = 0;
		};
/* End PBXSourcesBuildPhase section */

/* Begin PBXTargetDependency section */
		B5E4948E1992043D00485FA3 /* PBXTargetDependency */ = {
			isa = PBXTargetDependency;
			target = B5E494661992043D00485FA3 /* CustomCollectionViewLayout */;
			targetProxy = B5E4948D1992043D00485FA3 /* PBXContainerItemProxy */;
		};
/* End PBXTargetDependency section */

/* Begin PBXVariantGroup section */
		B5E494731992043D00485FA3 /* InfoPlist.strings */ = {
			isa = PBXVariantGroup;
			children = (
				B5E494741992043D00485FA3 /* en */,
			);
			name = InfoPlist.strings;
			sourceTree = "<group>";
		};
		B5E4947C1992043D00485FA3 /* Main.storyboard */ = {
			isa = PBXVariantGroup;
			children = (
				B5E4947D1992043D00485FA3 /* Base */,
			);
			name = Main.storyboard;
			sourceTree = "<group>";
		};
		B5E494921992043D00485FA3 /* InfoPlist.strings */ = {
			isa = PBXVariantGroup;
			children = (
				B5E494931992043D00485FA3 /* en */,
			);
			name = InfoPlist.strings;
			sourceTree = "<group>";
		};
/* End PBXVariantGroup section */

/* Begin XCBuildConfiguration section */
		B5E494971992043D00485FA3 /* Debug */ = {
			isa = XCBuildConfiguration;
			buildSettings = {
				ALWAYS_SEARCH_USER_PATHS = NO;
				CLANG_CXX_LANGUAGE_STANDARD = "gnu++0x";
				CLANG_CXX_LIBRARY = "libc++";
				CLANG_ENABLE_MODULES = YES;
				CLANG_ENABLE_OBJC_ARC = YES;
				CLANG_WARN_BOOL_CONVERSION = YES;
				CLANG_WARN_CONSTANT_CONVERSION = YES;
				CLANG_WARN_DIRECT_OBJC_ISA_USAGE = YES_ERROR;
				CLANG_WARN_EMPTY_BODY = YES;
				CLANG_WARN_ENUM_CONVERSION = YES;
				CLANG_WARN_INT_CONVERSION = YES;
				CLANG_WARN_OBJC_ROOT_CLASS = YES_ERROR;
				CLANG_WARN__DUPLICATE_METHOD_MATCH = YES;
				"CODE_SIGN_IDENTITY[sdk=iphoneos*]" = "iPhone Developer";
				COPY_PHASE_STRIP = NO;
				GCC_C_LANGUAGE_STANDARD = gnu99;
				GCC_DYNAMIC_NO_PIC = NO;
				GCC_OPTIMIZATION_LEVEL = 0;
				GCC_PREPROCESSOR_DEFINITIONS = (
					"DEBUG=1",
					"$(inherited)",
				);
				GCC_SYMBOLS_PRIVATE_EXTERN = NO;
				GCC_WARN_64_TO_32_BIT_CONVERSION = YES;
				GCC_WARN_ABOUT_RETURN_TYPE = YES_ERROR;
				GCC_WARN_UNDECLARED_SELECTOR = YES;
				GCC_WARN_UNINITIALIZED_AUTOS = YES_AGGRESSIVE;
				GCC_WARN_UNUSED_FUNCTION = YES;
				GCC_WARN_UNUSED_VARIABLE = YES;
				IPHONEOS_DEPLOYMENT_TARGET = 7.1;
				ONLY_ACTIVE_ARCH = YES;
				SDKROOT = iphoneos;
			};
			name = Debug;
		};
		B5E494981992043D00485FA3 /* Release */ = {
			isa = XCBuildConfiguration;
			buildSettings = {
				ALWAYS_SEARCH_USER_PATHS = NO;
				CLANG_CXX_LANGUAGE_STANDARD = "gnu++0x";
				CLANG_CXX_LIBRARY = "libc++";
				CLANG_ENABLE_MODULES = YES;
				CLANG_ENABLE_OBJC_ARC = YES;
				CLANG_WARN_BOOL_CONVERSION = YES;
				CLANG_WARN_CONSTANT_CONVERSION = YES;
				CLANG_WARN_DIRECT_OBJC_ISA_USAGE = YES_ERROR;
				CLANG_WARN_EMPTY_BODY = YES;
				CLANG_WARN_ENUM_CONVERSION = YES;
				CLANG_WARN_INT_CONVERSION = YES;
				CLANG_WARN_OBJC_ROOT_CLASS = YES_ERROR;
				CLANG_WARN__DUPLICATE_METHOD_MATCH = YES;
				"CODE_SIGN_IDENTITY[sdk=iphoneos*]" = "iPhone Developer";
				COPY_PHASE_STRIP = YES;
				ENABLE_NS_ASSERTIONS = NO;
				GCC_C_LANGUAGE_STANDARD = gnu99;
				GCC_WARN_64_TO_32_BIT_CONVERSION = YES;
				GCC_WARN_ABOUT_RETURN_TYPE = YES_ERROR;
				GCC_WARN_UNDECLARED_SELECTOR = YES;
				GCC_WARN_UNINITIALIZED_AUTOS = YES_AGGRESSIVE;
				GCC_WARN_UNUSED_FUNCTION = YES;
				GCC_WARN_UNUSED_VARIABLE = YES;
				IPHONEOS_DEPLOYMENT_TARGET = 7.1;
				SDKROOT = iphoneos;
				VALIDATE_PRODUCT = YES;
			};
			name = Release;
		};
		B5E4949A1992043D00485FA3 /* Debug */ = {
			isa = XCBuildConfiguration;
			buildSettings = {
				ASSETCATALOG_COMPILER_APPICON_NAME = AppIcon;
				ASSETCATALOG_COMPILER_LAUNCHIMAGE_NAME = LaunchImage;
				GCC_PRECOMPILE_PREFIX_HEADER = YES;
				GCC_PREFIX_HEADER = "CustomCollectionViewLayout/CustomCollectionViewLayout-Prefix.pch";
				INFOPLIST_FILE = "CustomCollectionViewLayout/CustomCollectionViewLayout-Info.plist";
				PRODUCT_NAME = "$(TARGET_NAME)";
				WRAPPER_EXTENSION = app;
			};
			name = Debug;
		};
		B5E4949B1992043D00485FA3 /* Release */ = {
			isa = XCBuildConfiguration;
			buildSettings = {
				ASSETCATALOG_COMPILER_APPICON_NAME = AppIcon;
				ASSETCATALOG_COMPILER_LAUNCHIMAGE_NAME = LaunchImage;
				GCC_PRECOMPILE_PREFIX_HEADER = YES;
				GCC_PREFIX_HEADER = "CustomCollectionViewLayout/CustomCollectionViewLayout-Prefix.pch";
				INFOPLIST_FILE = "CustomCollectionViewLayout/CustomCollectionViewLayout-Info.plist";
				PRODUCT_NAME = "$(TARGET_NAME)";
				WRAPPER_EXTENSION = app;
			};
			name = Release;
		};
		B5E4949D1992043D00485FA3 /* Debug */ = {
			isa = XCBuildConfiguration;
			buildSettings = {
				BUNDLE_LOADER = "$(BUILT_PRODUCTS_DIR)/CustomCollectionViewLayout.app/CustomCollectionViewLayout";
				FRAMEWORK_SEARCH_PATHS = (
					"$(SDKROOT)/Developer/Library/Frameworks",
					"$(inherited)",
					"$(DEVELOPER_FRAMEWORKS_DIR)",
				);
				GCC_PRECOMPILE_PREFIX_HEADER = YES;
				GCC_PREFIX_HEADER = "CustomCollectionViewLayout/CustomCollectionViewLayout-Prefix.pch";
				GCC_PREPROCESSOR_DEFINITIONS = (
					"DEBUG=1",
					"$(inherited)",
				);
				INFOPLIST_FILE = "CustomCollectionViewLayoutTests/CustomCollectionViewLayoutTests-Info.plist";
				PRODUCT_NAME = "$(TARGET_NAME)";
				TEST_HOST = "$(BUNDLE_LOADER)";
				WRAPPER_EXTENSION = xctest;
			};
			name = Debug;
		};
		B5E4949E1992043D00485FA3 /* Release */ = {
			isa = XCBuildConfiguration;
			buildSettings = {
				BUNDLE_LOADER = "$(BUILT_PRODUCTS_DIR)/CustomCollectionViewLayout.app/CustomCollectionViewLayout";
				FRAMEWORK_SEARCH_PATHS = (
					"$(SDKROOT)/Developer/Library/Frameworks",
					"$(inherited)",
					"$(DEVELOPER_FRAMEWORKS_DIR)",
				);
				GCC_PRECOMPILE_PREFIX_HEADER = YES;
				GCC_PREFIX_HEADER = "CustomCollectionViewLayout/CustomCollectionViewLayout-Prefix.pch";
				INFOPLIST_FILE = "CustomCollectionViewLayoutTests/CustomCollectionViewLayoutTests-Info.plist";
				PRODUCT_NAME = "$(TARGET_NAME)";
				TEST_HOST = "$(BUNDLE_LOADER)";
				WRAPPER_EXTENSION = xctest;
			};
			name = Release;
		};
/* End XCBuildConfiguration section */

/* Begin XCConfigurationList section */
		B5E494621992043D00485FA3 /* Build configuration list for PBXProject "CustomCollectionViewLayout" */ = {
			isa = XCConfigurationList;
			buildConfigurations = (
				B5E494971992043D00485FA3 /* Debug */,
				B5E494981992043D00485FA3 /* Release */,
			);
			defaultConfigurationIsVisible = 0;
			defaultConfigurationName = Release;
		};
		B5E494991992043D00485FA3 /* Build configuration list for PBXNativeTarget "CustomCollectionViewLayout" */ = {
			isa = XCConfigurationList;
			buildConfigurations = (
				B5E4949A1992043D00485FA3 /* Debug */,
				B5E4949B1992043D00485FA3 /* Release */,
			);
			defaultConfigurationIsVisible = 0;
		};
		B5E4949C1992043D00485FA3 /* Build configuration list for PBXNativeTarget "CustomCollectionViewLayoutTests" */ = {
			isa = XCConfigurationList;
			buildConfigurations = (
				B5E4949D1992043D00485FA3 /* Debug */,
				B5E4949E1992043D00485FA3 /* Release */,
			);
			defaultConfigurationIsVisible = 0;
		};
/* End XCConfigurationList section */
	};
	rootObject = B5E4945F1992043D00485FA3 /* Project object */;
}
